// !$*UTF8*$!
{
	archiveVersion = 1;
	classes = {
	};
	objectVersion = 50;
	objects = {

/* Begin PBXBuildFile section */
		1487405623DB89C500470E37 /* AppDelegate.swift in Sources */ = {isa = PBXBuildFile; fileRef = 1487405523DB89C500470E37 /* AppDelegate.swift */; };
		1487405823DB89C500470E37 /* SceneDelegate.swift in Sources */ = {isa = PBXBuildFile; fileRef = 1487405723DB89C500470E37 /* SceneDelegate.swift */; };
		1487405A23DB89C500470E37 /* ViewController.swift in Sources */ = {isa = PBXBuildFile; fileRef = 1487405923DB89C500470E37 /* ViewController.swift */; };
		1487405D23DB89C500470E37 /* Main.storyboard in Resources */ = {isa = PBXBuildFile; fileRef = 1487405B23DB89C500470E37 /* Main.storyboard */; };
		1487405F23DB89C600470E37 /* Assets.xcassets in Resources */ = {isa = PBXBuildFile; fileRef = 1487405E23DB89C600470E37 /* Assets.xcassets */; };
		1487406223DB89C600470E37 /* LaunchScreen.storyboard in Resources */ = {isa = PBXBuildFile; fileRef = 1487406023DB89C600470E37 /* LaunchScreen.storyboard */; };
		1487406B23DB8A0A00470E37 /* Locations.csv in Resources */ = {isa = PBXBuildFile; fileRef = 1487406A23DB8A0A00470E37 /* Locations.csv */; };
/* End PBXBuildFile section */

/* Begin PBXFileReference section */
		1487405223DB89C500470E37 /* location plotter.app */ = {isa = PBXFileReference; explicitFileType = wrapper.application; includeInIndex = 0; path = "location plotter.app"; sourceTree = BUILT_PRODUCTS_DIR; };
		1487405523DB89C500470E37 /* AppDelegate.swift */ = {isa = PBXFileReference; lastKnownFileType = sourcecode.swift; path = AppDelegate.swift; sourceTree = "<group>"; };
		1487405723DB89C500470E37 /* SceneDelegate.swift */ = {isa = PBXFileReference; lastKnownFileType = sourcecode.swift; path = SceneDelegate.swift; sourceTree = "<group>"; };
		1487405923DB89C500470E37 /* ViewController.swift */ = {isa = PBXFileReference; lastKnownFileType = sourcecode.swift; path = ViewController.swift; sourceTree = "<group>"; };
		1487405C23DB89C500470E37 /* Base */ = {isa = PBXFileReference; lastKnownFileType = file.storyboard; name = Base; path = Base.lproj/Main.storyboard; sourceTree = "<group>"; };
		1487405E23DB89C600470E37 /* Assets.xcassets */ = {isa = PBXFileReference; lastKnownFileType = folder.assetcatalog; path = Assets.xcassets; sourceTree = "<group>"; };
		1487406123DB89C600470E37 /* Base */ = {isa = PBXFileReference; lastKnownFileType = file.storyboard; name = Base; path = Base.lproj/LaunchScreen.storyboard; sourceTree = "<group>"; };
		1487406323DB89C600470E37 /* Info.plist */ = {isa = PBXFileReference; lastKnownFileType = text.plist.xml; path = Info.plist; sourceTree = "<group>"; };
		1487406923DB89CE00470E37 /* location plotter.entitlements */ = {isa = PBXFileReference; lastKnownFileType = text.plist.entitlements; path = "location plotter.entitlements"; sourceTree = "<group>"; };
		1487406A23DB8A0A00470E37 /* Locations.csv */ = {isa = PBXFileReference; fileEncoding = 4; lastKnownFileType = text; path = Locations.csv; sourceTree = "<group>"; };
/* End PBXFileReference section */

/* Begin PBXFrameworksBuildPhase section */
		1487404F23DB89C500470E37 /* Frameworks */ = {
			isa = PBXFrameworksBuildPhase;
			buildActionMask = 2147483647;
			files = (
			);
			runOnlyForDeploymentPostprocessing = 0;
		};
/* End PBXFrameworksBuildPhase section */

/* Begin PBXGroup section */
		1487404923DB89C500470E37 = {
			isa = PBXGroup;
			children = (
				1487405423DB89C500470E37 /* location plotter */,
				1487405323DB89C500470E37 /* Products */,
			);
			sourceTree = "<group>";
		};
		1487405323DB89C500470E37 /* Products */ = {
			isa = PBXGroup;
			children = (
				1487405223DB89C500470E37 /* location plotter.app */,
			);
			name = Products;
			sourceTree = "<group>";
		};
		1487405423DB89C500470E37 /* location plotter */ = {
			isa = PBXGroup;
			children = (
				1487406923DB89CE00470E37 /* location plotter.entitlements */,
				1487405523DB89C500470E37 /* AppDelegate.swift */,
				1487405723DB89C500470E37 /* SceneDelegate.swift */,
				1487405923DB89C500470E37 /* ViewController.swift */,
				1487405B23DB89C500470E37 /* Main.storyboard */,
				1487405E23DB89C600470E37 /* Assets.xcassets */,
				1487406023DB89C600470E37 /* LaunchScreen.storyboard */,
				1487406323DB89C600470E37 /* Info.plist */,
				1487406A23DB8A0A00470E37 /* Locations.csv */,
			);
			path = "location plotter";
			sourceTree = "<group>";
		};
/* End PBXGroup section */

/* Begin PBXNativeTarget section */
		1487405123DB89C500470E37 /* location plotter */ = {
			isa = PBXNativeTarget;
			buildConfigurationList = 1487406623DB89C600470E37 /* Build configuration list for PBXNativeTarget "location plotter" */;
			buildPhases = (
				1487404E23DB89C500470E37 /* Sources */,
				1487404F23DB89C500470E37 /* Frameworks */,
				1487405023DB89C500470E37 /* Resources */,
			);
			buildRules = (
			);
			dependencies = (
			);
			name = "location plotter";
			productName = "location plotter";
			productReference = 1487405223DB89C500470E37 /* location plotter.app */;
			productType = "com.apple.product-type.application";
		};
/* End PBXNativeTarget section */

/* Begin PBXProject section */
		1487404A23DB89C500470E37 /* Project object */ = {
			isa = PBXProject;
			attributes = {
				LastSwiftUpdateCheck = 1130;
				LastUpgradeCheck = 1130;
				ORGANIZATIONNAME = "Andrew Finke";
				TargetAttributes = {
					1487405123DB89C500470E37 = {
						CreatedOnToolsVersion = 11.3.1;
					};
				};
			};
			buildConfigurationList = 1487404D23DB89C500470E37 /* Build configuration list for PBXProject "location plotter" */;
			compatibilityVersion = "Xcode 9.3";
			developmentRegion = en;
			hasScannedForEncodings = 0;
			knownRegions = (
				en,
				Base,
			);
			mainGroup = 1487404923DB89C500470E37;
			productRefGroup = 1487405323DB89C500470E37 /* Products */;
			projectDirPath = "";
			projectRoot = "";
			targets = (
				1487405123DB89C500470E37 /* location plotter */,
			);
		};
/* End PBXProject section */

/* Begin PBXResourcesBuildPhase section */
		1487405023DB89C500470E37 /* Resources */ = {
			isa = PBXResourcesBuildPhase;
			buildActionMask = 2147483647;
			files = (
				1487406223DB89C600470E37 /* LaunchScreen.storyboard in Resources */,
				1487405F23DB89C600470E37 /* Assets.xcassets in Resources */,
				1487405D23DB89C500470E37 /* Main.storyboard in Resources */,
				1487406B23DB8A0A00470E37 /* Locations.csv in Resources */,
			);
			runOnlyForDeploymentPostprocessing = 0;
		};
/* End PBXResourcesBuildPhase section */

/* Begin PBXSourcesBuildPhase section */
		1487404E23DB89C500470E37 /* Sources */ = {
			isa = PBXSourcesBuildPhase;
			buildActionMask = 2147483647;
			files = (
				1487405A23DB89C500470E37 /* ViewController.swift in Sources */,
				1487405623DB89C500470E37 /* AppDelegate.swift in Sources */,
				1487405823DB89C500470E37 /* SceneDelegate.swift in Sources */,
			);
			runOnlyForDeploymentPostprocessing = 0;
		};
/* End PBXSourcesBuildPhase section */

/* Begin PBXVariantGroup section */
		1487405B23DB89C500470E37 /* Main.storyboard */ = {
			isa = PBXVariantGroup;
			children = (
				1487405C23DB89C500470E37 /* Base */,
			);
			name = Main.storyboard;
			sourceTree = "<group>";
		};
		1487406023DB89C600470E37 /* LaunchScreen.storyboard */ = {
			isa = PBXVariantGroup;
			children = (
				1487406123DB89C600470E37 /* Base */,
			);
			name = LaunchScreen.storyboard;
			sourceTree = "<group>";
		};
/* End PBXVariantGroup section */

/* Begin XCBuildConfiguration section */
		1487406423DB89C600470E37 /* Debug */ = {
			isa = XCBuildConfiguration;
			buildSettings = {
				ALWAYS_SEARCH_USER_PATHS = NO;
				CLANG_ANALYZER_NONNULL = YES;
				CLANG_ANALYZER_NUMBER_OBJECT_CONVERSION = YES_AGGRESSIVE;
				CLANG_CXX_LANGUAGE_STANDARD = "gnu++14";
				CLANG_CXX_LIBRARY = "libc++";
				CLANG_ENABLE_MODULES = YES;
				CLANG_ENABLE_OBJC_ARC = YES;
				CLANG_ENABLE_OBJC_WEAK = YES;
				CLANG_WARN_BLOCK_CAPTURE_AUTORELEASING = YES;
				CLANG_WARN_BOOL_CONVERSION = YES;
				CLANG_WARN_COMMA = YES;
				CLANG_WARN_CONSTANT_CONVERSION = YES;
				CLANG_WARN_DEPRECATED_OBJC_IMPLEMENTATIONS = YES;
				CLANG_WARN_DIRECT_OBJC_ISA_USAGE = YES_ERROR;
				CLANG_WARN_DOCUMENTATION_COMMENTS = YES;
				CLANG_WARN_EMPTY_BODY = YES;
				CLANG_WARN_ENUM_CONVERSION = YES;
				CLANG_WARN_INFINITE_RECURSION = YES;
				CLANG_WARN_INT_CONVERSION = YES;
				CLANG_WARN_NON_LITERAL_NULL_CONVERSION = YES;
				CLANG_WARN_OBJC_IMPLICIT_RETAIN_SELF = YES;
				CLANG_WARN_OBJC_LITERAL_CONVERSION = YES;
				CLANG_WARN_OBJC_ROOT_CLASS = YES_ERROR;
				CLANG_WARN_RANGE_LOOP_ANALYSIS = YES;
				CLANG_WARN_STRICT_PROTOTYPES = YES;
				CLANG_WARN_SUSPICIOUS_MOVE = YES;
				CLANG_WARN_UNGUARDED_AVAILABILITY = YES_AGGRESSIVE;
				CLANG_WARN_UNREACHABLE_CODE = YES;
				CLANG_WARN__DUPLICATE_METHOD_MATCH = YES;
				COPY_PHASE_STRIP = NO;
				DEBUG_INFORMATION_FORMAT = dwarf;
				ENABLE_STRICT_OBJC_MSGSEND = YES;
				ENABLE_TESTABILITY = YES;
				GCC_C_LANGUAGE_STANDARD = gnu11;
				GCC_DYNAMIC_NO_PIC = NO;
				GCC_NO_COMMON_BLOCKS = YES;
				GCC_OPTIMIZATION_LEVEL = 0;
				GCC_PREPROCESSOR_DEFINITIONS = (
					"DEBUG=1",
					"$(inherited)",
				);
				GCC_WARN_64_TO_32_BIT_CONVERSION = YES;
				GCC_WARN_ABOUT_RETURN_TYPE = YES_ERROR;
				GCC_WARN_UNDECLARED_SELECTOR = YES;
				GCC_WARN_UNINITIALIZED_AUTOS = YES_AGGRESSIVE;
				GCC_WARN_UNUSED_FUNCTION = YES;
				GCC_WARN_UNUSED_VARIABLE = YES;
				IPHONEOS_DEPLOYMENT_TARGET = 13.2;
				MTL_ENABLE_DEBUG_INFO = INCLUDE_SOURCE;
				MTL_FAST_MATH = YES;
				ONLY_ACTIVE_ARCH = YES;
				SDKROOT = iphoneos;
				SWIFT_ACTIVE_COMPILATION_CONDITIONS = DEBUG;
				SWIFT_OPTIMIZATION_LEVEL = "-Onone";
			};
			name = Debug;
		};
		1487406523DB89C600470E37 /* Release */ = {
			isa = XCBuildConfiguration;
			buildSettings = {
				ALWAYS_SEARCH_USER_PATHS = NO;
				CLANG_ANALYZER_NONNULL = YES;
				CLANG_ANALYZER_NUMBER_OBJECT_CONVERSION = YES_AGGRESSIVE;
				CLANG_CXX_LANGUAGE_STANDARD = "gnu++14";
				CLANG_CXX_LIBRARY = "libc++";
				CLANG_ENABLE_MODULES = YES;
				CLANG_ENABLE_OBJC_ARC = YES;
				CLANG_ENABLE_OBJC_WEAK = YES;
				CLANG_WARN_BLOCK_CAPTURE_AUTORELEASING = YES;
				CLANG_WARN_BOOL_CONVERSION = YES;
				CLANG_WARN_COMMA = YES;
				CLANG_WARN_CONSTANT_CONVERSION = YES;
				CLANG_WARN_DEPRECATED_OBJC_IMPLEMENTATIONS = YES;
				CLANG_WARN_DIRECT_OBJC_ISA_USAGE = YES_ERROR;
				CLANG_WARN_DOCUMENTATION_COMMENTS = YES;
				CLANG_WARN_EMPTY_BODY = YES;
				CLANG_WARN_ENUM_CONVERSION = YES;
				CLANG_WARN_INFINITE_RECURSION = YES;
				CLANG_WARN_INT_CONVERSION = YES;
				CLANG_WARN_NON_LITERAL_NULL_CONVERSION = YES;
				CLANG_WARN_OBJC_IMPLICIT_RETAIN_SELF = YES;
				CLANG_WARN_OBJC_LITERAL_CONVERSION = YES;
				CLANG_WARN_OBJC_ROOT_CLASS = YES_ERROR;
				CLANG_WARN_RANGE_LOOP_ANALYSIS = YES;
				CLANG_WARN_STRICT_PROTOTYPES = YES;
				CLANG_WARN_SUSPICIOUS_MOVE = YES;
				CLANG_WARN_UNGUARDED_AVAILABILITY = YES_AGGRESSIVE;
				CLANG_WARN_UNREACHABLE_CODE = YES;
				CLANG_WARN__DUPLICATE_METHOD_MATCH = YES;
				COPY_PHASE_STRIP = NO;
				DEBUG_INFORMATION_FORMAT = "dwarf-with-dsym";
				ENABLE_NS_ASSERTIONS = NO;
				ENABLE_STRICT_OBJC_MSGSEND = YES;
				GCC_C_LANGUAGE_STANDARD = gnu11;
				GCC_NO_COMMON_BLOCKS = YES;
				GCC_WARN_64_TO_32_BIT_CONVERSION = YES;
				GCC_WARN_ABOUT_RETURN_TYPE = YES_ERROR;
				GCC_WARN_UNDECLARED_SELECTOR = YES;
				GCC_WARN_UNINITIALIZED_AUTOS = YES_AGGRESSIVE;
				GCC_WARN_UNUSED_FUNCTION = YES;
				GCC_WARN_UNUSED_VARIABLE = YES;
				IPHONEOS_DEPLOYMENT_TARGET = 13.2;
				MTL_ENABLE_DEBUG_INFO = NO;
				MTL_FAST_MATH = YES;
				SDKROOT = iphoneos;
				SWIFT_COMPILATION_MODE = wholemodule;
				SWIFT_OPTIMIZATION_LEVEL = "-O";
				VALIDATE_PRODUCT = YES;
			};
			name = Release;
		};
		1487406723DB89C600470E37 /* Debug */ = {
			isa = XCBuildConfiguration;
			buildSettings = {
				ASSETCATALOG_COMPILER_APPICON_NAME = AppIcon;
				CODE_SIGN_ENTITLEMENTS = "location plotter/location plotter.entitlements";
				CODE_SIGN_STYLE = Automatic;
				DERIVE_MACCATALYST_PRODUCT_BUNDLE_IDENTIFIER = YES;
				DEVELOPMENT_TEAM = 72S993BNAV;
				INFOPLIST_FILE = "location plotter/Info.plist";
				LD_RUNPATH_SEARCH_PATHS = (
					"$(inherited)",
					"@executable_path/Frameworks",
				);
				PRODUCT_BUNDLE_IDENTIFIER = "com.andrewfinke.location-plotter";
				PRODUCT_NAME = "$(TARGET_NAME)";
				SUPPORTS_MACCATALYST = YES;
				SWIFT_VERSION = 5.0;
				TARGETED_DEVICE_FAMILY = "1,2";
			};
			name = Debug;
		};
		1487406823DB89C600470E37 /* Release */ = {
			isa = XCBuildConfiguration;
			buildSettings = {
				ASSETCATALOG_COMPILER_APPICON_NAME = AppIcon;
				CODE_SIGN_ENTITLEMENTS = "location plotter/location plotter.entitlements";
				CODE_SIGN_STYLE = Automatic;
				DERIVE_MACCATALYST_PRODUCT_BUNDLE_IDENTIFIER = YES;
				DEVELOPMENT_TEAM = 72S993BNAV;
				INFOPLIST_FILE = "location plotter/Info.plist";
				LD_RUNPATH_SEARCH_PATHS = (
					"$(inherited)",
					"@executable_path/Frameworks",
				);
				PRODUCT_BUNDLE_IDENTIFIER = "com.andrewfinke.location-plotter";
				PRODUCT_NAME = "$(TARGET_NAME)";
				SUPPORTS_MACCATALYST = YES;
				SWIFT_VERSION = 5.0;
				TARGETED_DEVICE_FAMILY = "1,2";
			};
			name = Release;
		};
/* End XCBuildConfiguration section */

/* Begin XCConfigurationList section */
		1487404D23DB89C500470E37 /* Build configuration list for PBXProject "location plotter" */ = {
			isa = XCConfigurationList;
			buildConfigurations = (
				1487406423DB89C600470E37 /* Debug */,
				1487406523DB89C600470E37 /* Release */,
			);
			defaultConfigurationIsVisible = 0;
			defaultConfigurationName = Release;
		};
		1487406623DB89C600470E37 /* Build configuration list for PBXNativeTarget "location plotter" */ = {
			isa = XCConfigurationList;
			buildConfigurations = (
				1487406723DB89C600470E37 /* Debug */,
				1487406823DB89C600470E37 /* Release */,
			);
			defaultConfigurationIsVisible = 0;
			defaultConfigurationName = Release;
		};
/* End XCConfigurationList section */
	};
	rootObject = 1487404A23DB89C500470E37 /* Project object */;
}
